
Microsoft Visual Studio Solution File, Format Version 12.00
# Visual Studio 14
VisualStudioVersion = 14.0.24720.0
MinimumVisualStudioVersion = 10.0.40219.1
Project("{FAE04EC0-301F-11D3-BF4B-00C04F79EFBC}") = "WebApiResourceOwnerPasswordCredential", "WebApiResourceOwnerPasswordCredential\WebApiResourceOwnerPasswordCredential.csproj", "{52F69B89-6DF4-4D4D-BABB-6B4A034DA128}"
EndProject
Global
	GlobalSection(SolutionConfigurationPlatforms) = preSolution
		Debug|Any CPU = Debug|Any CPU
		Release|Any CPU = Release|Any CPU
	EndGlobalSection
	GlobalSection(ProjectConfigurationPlatforms) = postSolution
		{52F69B89-6DF4-4D4D-BABB-6B4A034DA128}.Debug|Any CPU.ActiveCfg = Debug|Any CPU
		{52F69B89-6DF4-4D4D-BABB-6B4A034DA128}.Debug|Any CPU.Build.0 = Debug|Any CPU
		{52F69B89-6DF4-4D4D-BABB-6B4A034DA128}.Release|Any CPU.ActiveCfg = Release|Any CPU
		{52F69B89-6DF4-4D4D-BABB-6B4A034DA128}.Release|Any CPU.Build.0 = Release|Any CPU
	EndGlobalSection
	GlobalSection(SolutionProperties) = preSolution
		HideSolutionNode = FALSE
	EndGlobalSection
EndGlobal
